Microsoft Visual Studio Solution File, Format Version 12.00
# Visual Studio Version 17
VisualStudioVersion = 17.5.2.0
MinimumVisualStudioVersion = 10.0.40219.1
Project("{9A19103F-16F7-4668-BE54-9A1E7A4F7556}") = "PowerShellYaml", "src\PowerShellYaml\PowerShellYaml.csproj", "{661F072A-C59E-7ABB-EB12-C69FF3B9328F}"
EndProject
Project("{9A19103F-16F7-4668-BE54-9A1E7A4F7556}") = "PowerShellYaml.Module", "src\PowerShellYaml.Module\PowerShellYaml.Module.csproj", "{8B2C1D5E-3F4A-4B9D-8C6E-1A2B3C4D5E6F}"
EndProject
Global
	GlobalSection(SolutionConfigurationPlatforms) = preSolution
		Debug|Any CPU = Debug|Any CPU
		Release|Any CPU = Release|Any CPU
	EndGlobalSection
	GlobalSection(ProjectConfigurationPlatforms) = postSolution
		{661F072A-C59E-7ABB-EB12-C69FF3B9328F}.Debug|Any CPU.ActiveCfg = Debug|Any CPU
		{661F072A-C59E-7ABB-EB12-C69FF3B9328F}.Debug|Any CPU.Build.0 = Debug|Any CPU
		{661F072A-C59E-7ABB-EB12-C69FF3B9328F}.Release|Any CPU.ActiveCfg = Release|Any CPU
		{661F072A-C59E-7ABB-EB12-C69FF3B9328F}.Release|Any CPU.Build.0 = Release|Any CPU
		{8B2C1D5E-3F4A-4B9D-8C6E-1A2B3C4D5E6F}.Debug|Any CPU.ActiveCfg = Debug|Any CPU
		{8B2C1D5E-3F4A-4B9D-8C6E-1A2B3C4D5E6F}.Debug|Any CPU.Build.0 = Debug|Any CPU
		{8B2C1D5E-3F4A-4B9D-8C6E-1A2B3C4D5E6F}.Release|Any CPU.ActiveCfg = Release|Any CPU
		{8B2C1D5E-3F4A-4B9D-8C6E-1A2B3C4D5E6F}.Release|Any CPU.Build.0 = Release|Any CPU
	EndGlobalSection
	GlobalSection(SolutionProperties) = preSolution
		HideSolutionNode = FALSE
	EndGlobalSection
	GlobalSection(ExtensibilityGlobals) = postSolution
		SolutionGuid = {65F98BF3-A482-4289-84F9-F224C06DEDA7}
	EndGlobalSection
EndGlobal
